lockfileVersion: 5.4

specifiers:
  '@fortawesome/fontawesome-pro': ^6.4.0

dependencies:
  '@fortawesome/fontawesome-pro': 6.4.0

packages:

  /@fortawesome/fontawesome-pro/6.4.0:
    resolution: {integrity: sha512-VtoAOuV0KAjdO979RHGko5krp3UsKMnXH1SaHnQvlz4PcgErcsk5ZPugoMhc3sW5lkrRl8NnaGwkGzB3gzVSxQ==, tarball: '@fortawesome/fontawesome-pro/-/6.4.0/fontawesome-pro-6.4.0.tgz'}
    engines: {node: '>=6'}
    requiresBuild: true
    dev: false
